
Microsoft Visual Studio Solution File, Format Version 12.00
# Visual Studio Version 17
VisualStudioVersion = 17.4.33213.308
MinimumVisualStudioVersion = 10.0.40219.1
Project("{FAE04EC0-301F-11D3-BF4B-00C04F79EFBC}") = "FileUploader", "FileUploader\FileUploader.csproj", "{349B5674-BC45-4953-B178-64205F977EAA}"
EndProject
Global
	GlobalSection(SolutionConfigurationPlatforms) = preSolution
		Debug|Any CPU = Debug|Any CPU
		Release|Any CPU = Release|Any CPU
	EndGlobalSection
	GlobalSection(ProjectConfigurationPlatforms) = postSolution
		{349B5674-BC45-4953-B178-64205F977EAA}.Debug|Any CPU.ActiveCfg = Debug|Any CPU
		{349B5674-BC45-4953-B178-64205F977EAA}.Debug|Any CPU.Build.0 = Debug|Any CPU
		{349B5674-BC45-4953-B178-64205F977EAA}.Release|Any CPU.ActiveCfg = Release|Any CPU
		{349B5674-BC45-4953-B178-64205F977EAA}.Release|Any CPU.Build.0 = Release|Any CPU
	EndGlobalSection
	GlobalSection(SolutionProperties) = preSolution
		HideSolutionNode = FALSE
	EndGlobalSection
	GlobalSection(ExtensibilityGlobals) = postSolution
		SolutionGuid = {A951873C-7AC7-4EAC-84B5-7FAC74B0971D}
	EndGlobalSection
EndGlobal
